// !$*UTF8*$!
{
	archiveVersion = 1;
	classes = {
	};
	objectVersion = 46;
	objects = {

/* Begin PBXBuildFile section */
		488F6D661A89BD040071F994 /* main.m in Sources */ = {isa = PBXBuildFile; fileRef = 488F6D651A89BD040071F994 /* main.m */; };
		488F6D691A89BD040071F994 /* AppDelegate.m in Sources */ = {isa = PBXBuildFile; fileRef = 488F6D681A89BD040071F994 /* AppDelegate.m */; };
		488F6D6C1A89BD040071F994 /* ViewController.m in Sources */ = {isa = PBXBuildFile; fileRef = 488F6D6B1A89BD040071F994 /* ViewController.m */; };
		488F6D6F1A89BD040071F994 /* Main.storyboard in Resources */ = {isa = PBXBuildFile; fileRef = 488F6D6D1A89BD040071F994 /* Main.storyboard */; };
		488F6D711A89BD040071F994 /* Images.xcassets in Resources */ = {isa = PBXBuildFile; fileRef = 488F6D701A89BD040071F994 /* Images.xcassets */; };
		488F6D741A89BD040071F994 /* LaunchScreen.xib in Resources */ = {isa = PBXBuildFile; fileRef = 488F6D721A89BD040071F994 /* LaunchScreen.xib */; };
		488F6D801A89BD040071F994 /* outletTests.m in Sources */ = {isa = PBXBuildFile; fileRef = 488F6D7F1A89BD040071F994 /* outletTests.m */; };
/* End PBXBuildFile section */

/* Begin PBXContainerItemProxy section */
		488F6D7A1A89BD040071F994 /* PBXContainerItemProxy */ = {
			isa = PBXContainerItemProxy;
			containerPortal = 488F6D581A89BD040071F994 /* Project object */;
			proxyType = 1;
			remoteGlobalIDString = 488F6D5F1A89BD040071F994;
			remoteInfo = outlet;
		};
/* End PBXContainerItemProxy section */

/* Begin PBXFileReference section */
		488F6D601A89BD040071F994 /* outlet.app */ = {isa = PBXFileReference; explicitFileType = wrapper.application; includeInIndex = 0; path = outlet.app; sourceTree = BUILT_PRODUCTS_DIR; };
		488F6D641A89BD040071F994 /* Info.plist */ = {isa = PBXFileReference; lastKnownFileType = text.plist.xml; path = Info.plist; sourceTree = "<group>"; };
		488F6D651A89BD040071F994 /* main.m */ = {isa = PBXFileReference; lastKnownFileType = sourcecode.c.objc; path = main.m; sourceTree = "<group>"; };
		488F6D671A89BD040071F994 /* AppDelegate.h */ = {isa = PBXFileReference; lastKnownFileType = sourcecode.c.h; path = AppDelegate.h; sourceTree = "<group>"; };
		488F6D681A89BD040071F994 /* AppDelegate.m */ = {isa = PBXFileReference; lastKnownFileType = sourcecode.c.objc; path = AppDelegate.m; sourceTree = "<group>"; };
		488F6D6A1A89BD040071F994 /* ViewController.h */ = {isa = PBXFileReference; lastKnownFileType = sourcecode.c.h; path = ViewController.h; sourceTree = "<group>"; };
		488F6D6B1A89BD040071F994 /* ViewController.m */ = {isa = PBXFileReference; lastKnownFileType = sourcecode.c.objc; path = ViewController.m; sourceTree = "<group>"; };
		488F6D6E1A89BD040071F994 /* Base */ = {isa = PBXFileReference; lastKnownFileType = file.storyboard; name = Base; path = Base.lproj/Main.storyboard; sourceTree = "<group>"; };
		488F6D701A89BD040071F994 /* Images.xcassets */ = {isa = PBXFileReference; lastKnownFileType = folder.assetcatalog; path = Images.xcassets; sourceTree = "<group>"; };
		488F6D731A89BD040071F994 /* Base */ = {isa = PBXFileReference; lastKnownFileType = file.xib; name = Base; path = Base.lproj/LaunchScreen.xib; sourceTree = "<group>"; };
		488F6D791A89BD040071F994 /* outletTests.xctest */ = {isa = PBXFileReference; explicitFileType = wrapper.cfbundle; includeInIndex = 0; path = outletTests.xctest; sourceTree = BUILT_PRODUCTS_DIR; };
		488F6D7E1A89BD040071F994 /* Info.plist */ = {isa = PBXFileReference; lastKnownFileType = text.plist.xml; path = Info.plist; sourceTree = "<group>"; };
		488F6D7F1A89BD040071F994 /* outletTests.m */ = {isa = PBXFileReference; lastKnownFileType = sourcecode.c.objc; path = outletTests.m; sourceTree = "<group>"; };
/* End PBXFileReference section */

/* Begin PBXFrameworksBuildPhase section */
		488F6D5D1A89BD040071F994 /* Frameworks */ = {
			isa = PBXFrameworksBuildPhase;
			buildActionMask = 2147483647;
			files = (
			);
			runOnlyForDeploymentPostprocessing = 0;
		};
		488F6D761A89BD040071F994 /* Frameworks */ = {
			isa = PBXFrameworksBuildPhase;
			buildActionMask = 2147483647;
			files = (
			);
			runOnlyForDeploymentPostprocessing = 0;
		};
/* End PBXFrameworksBuildPhase section */

/* Begin PBXGroup section */
		488F6D571A89BD040071F994 = {
			isa = PBXGroup;
			children = (
				488F6D621A89BD040071F994 /* outlet */,
				488F6D7C1A89BD040071F994 /* outletTests */,
				488F6D611A89BD040071F994 /* Products */,
			);
			sourceTree = "<group>";
		};
		488F6D611A89BD040071F994 /* Products */ = {
			isa = PBXGroup;
			children = (
				488F6D601A89BD040071F994 /* outlet.app */,
				488F6D791A89BD040071F994 /* outletTests.xctest */,
			);
			name = Products;
			sourceTree = "<group>";
		};
		488F6D621A89BD040071F994 /* outlet */ = {
			isa = PBXGroup;
			children = (
				488F6D671A89BD040071F994 /* AppDelegate.h */,
				488F6D681A89BD040071F994 /* AppDelegate.m */,
				488F6D6A1A89BD040071F994 /* ViewController.h */,
				488F6D6B1A89BD040071F994 /* ViewController.m */,
				488F6D6D1A89BD040071F994 /* Main.storyboard */,
				488F6D701A89BD040071F994 /* Images.xcassets */,
				488F6D721A89BD040071F994 /* LaunchScreen.xib */,
				488F6D631A89BD040071F994 /* Supporting Files */,
			);
			path = outlet;
			sourceTree = "<group>";
		};
		488F6D631A89BD040071F994 /* Supporting Files */ = {
			isa = PBXGroup;
			children = (
				488F6D641A89BD040071F994 /* Info.plist */,
				488F6D651A89BD040071F994 /* main.m */,
			);
			name = "Supporting Files";
			sourceTree = "<group>";
		};
		488F6D7C1A89BD040071F994 /* outletTests */ = {
			isa = PBXGroup;
			children = (
				488F6D7F1A89BD040071F994 /* outletTests.m */,
				488F6D7D1A89BD040071F994 /* Supporting Files */,
			);
			path = outletTests;
			sourceTree = "<group>";
		};
		488F6D7D1A89BD040071F994 /* Supporting Files */ = {
			isa = PBXGroup;
			children = (
				488F6D7E1A89BD040071F994 /* Info.plist */,
			);
			name = "Supporting Files";
			sourceTree = "<group>";
		};
/* End PBXGroup section */

/* Begin PBXNativeTarget section */
		488F6D5F1A89BD040071F994 /* outlet */ = {
			isa = PBXNativeTarget;
			buildConfigurationList = 488F6D831A89BD040071F994 /* Build configuration list for PBXNativeTarget "outlet" */;
			buildPhases = (
				488F6D5C1A89BD040071F994 /* Sources */,
				488F6D5D1A89BD040071F994 /* Frameworks */,
				488F6D5E1A89BD040071F994 /* Resources */,
			);
			buildRules = (
			);
			dependencies = (
			);
			name = outlet;
			productName = outlet;
			productReference = 488F6D601A89BD040071F994 /* outlet.app */;
			productType = "com.apple.product-type.application";
		};
		488F6D781A89BD040071F994 /* outletTests */ = {
			isa = PBXNativeTarget;
			buildConfigurationList = 488F6D861A89BD040071F994 /* Build configuration list for PBXNativeTarget "outletTests" */;
			buildPhases = (
				488F6D751A89BD040071F994 /* Sources */,
				488F6D761A89BD040071F994 /* Frameworks */,
				488F6D771A89BD040071F994 /* Resources */,
			);
			buildRules = (
			);
			dependencies = (
				488F6D7B1A89BD040071F994 /* PBXTargetDependency */,
			);
			name = outletTests;
			productName = outletTests;
			productReference = 488F6D791A89BD040071F994 /* outletTests.xctest */;
			productType = "com.apple.product-type.bundle.unit-test";
		};
/* End PBXNativeTarget section */

/* Begin PBXProject section */
		488F6D581A89BD040071F994 /* Project object */ = {
			isa = PBXProject;
			attributes = {
				LastUpgradeCheck = 0610;
				ORGANIZATIONNAME = "Amit Gupta";
				TargetAttributes = {
					488F6D5F1A89BD040071F994 = {
						CreatedOnToolsVersion = 6.1.1;
					};
					488F6D781A89BD040071F994 = {
						CreatedOnToolsVersion = 6.1.1;
						TestTargetID = 488F6D5F1A89BD040071F994;
					};
				};
			};
			buildConfigurationList = 488F6D5B1A89BD040071F994 /* Build configuration list for PBXProject "outlet" */;
			compatibilityVersion = "Xcode 3.2";
			developmentRegion = English;
			hasScannedForEncodings = 0;
			knownRegions = (
				en,
				Base,
			);
			mainGroup = 488F6D571A89BD040071F994;
			productRefGroup = 488F6D611A89BD040071F994 /* Products */;
			projectDirPath = "";
			projectRoot = "";
			targets = (
				488F6D5F1A89BD040071F994 /* outlet */,
				488F6D781A89BD040071F994 /* outletTests */,
			);
		};
/* End PBXProject section */

/* Begin PBXResourcesBuildPhase section */
		488F6D5E1A89BD040071F994 /* Resources */ = {
			isa = PBXResourcesBuildPhase;
			buildActionMask = 2147483647;
			files = (
				488F6D6F1A89BD040071F994 /* Main.storyboard in Resources */,
				488F6D741A89BD040071F994 /* LaunchScreen.xib in Resources */,
				488F6D711A89BD040071F994 /* Images.xcassets in Resources */,
			);
			runOnlyForDeploymentPostprocessing = 0;
		};
		488F6D771A89BD040071F994 /* Resources */ = {
			isa = PBXResourcesBuildPhase;
			buildActionMask = 2147483647;
			files = (
			);
			runOnlyForDeploymentPostprocessing = 0;
		};
/* End PBXResourcesBuildPhase section */

/* Begin PBXSourcesBuildPhase section */
		488F6D5C1A89BD040071F994 /* Sources */ = {
			isa = PBXSourcesBuildPhase;
			buildActionMask = 2147483647;
			files = (
				488F6D6C1A89BD040071F994 /* ViewController.m in Sources */,
				488F6D691A89BD040071F994 /* AppDelegate.m in Sources */,
				488F6D661A89BD040071F994 /* main.m in Sources */,
			);
			runOnlyForDeploymentPostprocessing = 0;
		};
		488F6D751A89BD040071F994 /* Sources */ = {
			isa = PBXSourcesBuildPhase;
			buildActionMask = 2147483647;
			files = (
				488F6D801A89BD040071F994 /* outletTests.m in Sources */,
			);
			runOnlyForDeploymentPostprocessing = 0;
		};
/* End PBXSourcesBuildPhase section */

/* Begin PBXTargetDependency section */
		488F6D7B1A89BD040071F994 /* PBXTargetDependency */ = {
			isa = PBXTargetDependency;
			target = 488F6D5F1A89BD040071F994 /* outlet */;
			targetProxy = 488F6D7A1A89BD040071F994 /* PBXContainerItemProxy */;
		};
/* End PBXTargetDependency section */

/* Begin PBXVariantGroup section */
		488F6D6D1A89BD040071F994 /* Main.storyboard */ = {
			isa = PBXVariantGroup;
			children = (
				488F6D6E1A89BD040071F994 /* Base */,
			);
			name = Main.storyboard;
			sourceTree = "<group>";
		};
		488F6D721A89BD040071F994 /* LaunchScreen.xib */ = {
			isa = PBXVariantGroup;
			children = (
				488F6D731A89BD040071F994 /* Base */,
			);
			name = LaunchScreen.xib;
			sourceTree = "<group>";
		};
/* End PBXVariantGroup section */

/* Begin XCBuildConfiguration section */
		488F6D811A89BD040071F994 /* Debug */ = {
			isa = XCBuildConfiguration;
			buildSettings = {
				ALWAYS_SEARCH_USER_PATHS = NO;
				CLANG_CXX_LANGUAGE_STANDARD = "gnu++0x";
				CLANG_CXX_LIBRARY = "libc++";
				CLANG_ENABLE_MODULES = YES;
				CLANG_ENABLE_OBJC_ARC = YES;
				CLANG_WARN_BOOL_CONVERSION = YES;
				CLANG_WARN_CONSTANT_CONVERSION = YES;
				CLANG_WARN_DIRECT_OBJC_ISA_USAGE = YES_ERROR;
				CLANG_WARN_EMPTY_BODY = YES;
				CLANG_WARN_ENUM_CONVERSION = YES;
				CLANG_WARN_INT_CONVERSION = YES;
				CLANG_WARN_OBJC_ROOT_CLASS = YES_ERROR;
				CLANG_WARN_UNREACHABLE_CODE = YES;
				CLANG_WARN__DUPLICATE_METHOD_MATCH = YES;
				"CODE_SIGN_IDENTITY[sdk=iphoneos*]" = "iPhone Developer";
				COPY_PHASE_STRIP = NO;
				ENABLE_STRICT_OBJC_MSGSEND = YES;
				GCC_C_LANGUAGE_STANDARD = gnu99;
				GCC_DYNAMIC_NO_PIC = NO;
				GCC_OPTIMIZATION_LEVEL = 0;
				GCC_PREPROCESSOR_DEFINITIONS = (
					"DEBUG=1",
					"$(inherited)",
				);
				GCC_SYMBOLS_PRIVATE_EXTERN = NO;
				GCC_WARN_64_TO_32_BIT_CONVERSION = YES;
				GCC_WARN_ABOUT_RETURN_TYPE = YES_ERROR;
				GCC_WARN_UNDECLARED_SELECTOR = YES;
				GCC_WARN_UNINITIALIZED_AUTOS = YES_AGGRESSIVE;
				GCC_WARN_UNUSED_FUNCTION = YES;
				GCC_WARN_UNUSED_VARIABLE = YES;
				IPHONEOS_DEPLOYMENT_TARGET = 8.1;
				MTL_ENABLE_DEBUG_INFO = YES;
				ONLY_ACTIVE_ARCH = YES;
				SDKROOT = iphoneos;
			};
			name = Debug;
		};
		488F6D821A89BD040071F994 /* Release */ = {
			isa = XCBuildConfiguration;
			buildSettings = {
				ALWAYS_SEARCH_USER_PATHS = NO;
				CLANG_CXX_LANGUAGE_STANDARD = "gnu++0x";
				CLANG_CXX_LIBRARY = "libc++";
				CLANG_ENABLE_MODULES = YES;
				CLANG_ENABLE_OBJC_ARC = YES;
				CLANG_WARN_BOOL_CONVERSION = YES;
				CLANG_WARN_CONSTANT_CONVERSION = YES;
				CLANG_WARN_DIRECT_OBJC_ISA_USAGE = YES_ERROR;
				CLANG_WARN_EMPTY_BODY = YES;
				CLANG_WARN_ENUM_CONVERSION = YES;
				CLANG_WARN_INT_CONVERSION = YES;
				CLANG_WARN_OBJC_ROOT_CLASS = YES_ERROR;
				CLANG_WARN_UNREACHABLE_CODE = YES;
				CLANG_WARN__DUPLICATE_METHOD_MATCH = YES;
				"CODE_SIGN_IDENTITY[sdk=iphoneos*]" = "iPhone Developer";
				COPY_PHASE_STRIP = YES;
				ENABLE_NS_ASSERTIONS = NO;
				ENABLE_STRICT_OBJC_MSGSEND = YES;
				GCC_C_LANGUAGE_STANDARD = gnu99;
				GCC_WARN_64_TO_32_BIT_CONVERSION = YES;
				GCC_WARN_ABOUT_RETURN_TYPE = YES_ERROR;
				GCC_WARN_UNDECLARED_SELECTOR = YES;
				GCC_WARN_UNINITIALIZED_AUTOS = YES_AGGRESSIVE;
				GCC_WARN_UNUSED_FUNCTION = YES;
				GCC_WARN_UNUSED_VARIABLE = YES;
				IPHONEOS_DEPLOYMENT_TARGET = 8.1;
				MTL_ENABLE_DEBUG_INFO = NO;
				SDKROOT = iphoneos;
				VALIDATE_PRODUCT = YES;
			};
			name = Release;
		};
		488F6D841A89BD040071F994 /* Debug */ = {
			isa = XCBuildConfiguration;
			buildSettings = {
				ASSETCATALOG_COMPILER_APPICON_NAME = AppIcon;
				INFOPLIST_FILE = outlet/Info.plist;
				LD_RUNPATH_SEARCH_PATHS = "$(inherited) @executable_path/Frameworks";
				PRODUCT_NAME = "$(TARGET_NAME)";
			};
			name = Debug;
		};
		488F6D851A89BD040071F994 /* Release */ = {
			isa = XCBuildConfiguration;
			buildSettings = {
				ASSETCATALOG_COMPILER_APPICON_NAME = AppIcon;
				INFOPLIST_FILE = outlet/Info.plist;
				LD_RUNPATH_SEARCH_PATHS = "$(inherited) @executable_path/Frameworks";
				PRODUCT_NAME = "$(TARGET_NAME)";
			};
			name = Release;
		};
		488F6D871A89BD040071F994 /* Debug */ = {
			isa = XCBuildConfiguration;
			buildSettings = {
				BUNDLE_LOADER = "$(TEST_HOST)";
				FRAMEWORK_SEARCH_PATHS = (
					"$(SDKROOT)/Developer/Library/Frameworks",
					"$(inherited)",
				);
				GCC_PREPROCESSOR_DEFINITIONS = (
					"DEBUG=1",
					"$(inherited)",
				);
				INFOPLIST_FILE = outletTests/Info.plist;
				LD_RUNPATH_SEARCH_PATHS = "$(inherited) @executable_path/Frameworks @loader_path/Frameworks";
				PRODUCT_NAME = "$(TARGET_NAME)";
				TEST_HOST = "$(BUILT_PRODUCTS_DIR)/outlet.app/outlet";
			};
			name = Debug;
		};
		488F6D881A89BD040071F994 /* Release */ = {
			isa = XCBuildConfiguration;
			buildSettings = {
				BUNDLE_LOADER = "$(TEST_HOST)";
				FRAMEWORK_SEARCH_PATHS = (
					"$(SDKROOT)/Developer/Library/Frameworks",
					"$(inherited)",
				);
				INFOPLIST_FILE = outletTests/Info.plist;
				LD_RUNPATH_SEARCH_PATHS = "$(inherited) @executable_path/Frameworks @loader_path/Frameworks";
				PRODUCT_NAME = "$(TARGET_NAME)";
				TEST_HOST = "$(BUILT_PRODUCTS_DIR)/outlet.app/outlet";
			};
			name = Release;
		};
/* End XCBuildConfiguration section */

/* Begin XCConfigurationList section */
		488F6D5B1A89BD040071F994 /* Build configuration list for PBXProject "outlet" */ = {
			isa = XCConfigurationList;
			buildConfigurations = (
				488F6D811A89BD040071F994 /* Debug */,
				488F6D821A89BD040071F994 /* Release */,
			);
			defaultConfigurationIsVisible = 0;
			defaultConfigurationName = Release;
		};
		488F6D831A89BD040071F994 /* Build configuration list for PBXNativeTarget "outlet" */ = {
			isa = XCConfigurationList;
			buildConfigurations = (
				488F6D841A89BD040071F994 /* Debug */,
				488F6D851A89BD040071F994 /* Release */,
			);
			defaultConfigurationIsVisible = 0;
		};
		488F6D861A89BD040071F994 /* Build configuration list for PBXNativeTarget "outletTests" */ = {
			isa = XCConfigurationList;
			buildConfigurations = (
				488F6D871A89BD040071F994 /* Debug */,
				488F6D881A89BD040071F994 /* Release */,
			);
			defaultConfigurationIsVisible = 0;
		};
/* End XCConfigurationList section */
	};
	rootObject = 488F6D581A89BD040071F994 /* Project object */;
}
