// !$*UTF8*$!
{
	archiveVersion = 1;
	classes = {
	};
	objectVersion = 46;
	objects = {

/* Begin PBXBuildFile section */
		487433011A8DD05A000885D0 /* main.m in Sources */ = {isa = PBXBuildFile; fileRef = 487433001A8DD05A000885D0 /* main.m */; };
		487433041A8DD05A000885D0 /* AppDelegate.m in Sources */ = {isa = PBXBuildFile; fileRef = 487433031A8DD05A000885D0 /* AppDelegate.m */; };
		487433071A8DD05A000885D0 /* ViewController.m in Sources */ = {isa = PBXBuildFile; fileRef = 487433061A8DD05A000885D0 /* ViewController.m */; };
		4874330A1A8DD05A000885D0 /* Main.storyboard in Resources */ = {isa = PBXBuildFile; fileRef = 487433081A8DD05A000885D0 /* Main.storyboard */; };
		4874330C1A8DD05A000885D0 /* Images.xcassets in Resources */ = {isa = PBXBuildFile; fileRef = 4874330B1A8DD05A000885D0 /* Images.xcassets */; };
		4874330F1A8DD05A000885D0 /* LaunchScreen.xib in Resources */ = {isa = PBXBuildFile; fileRef = 4874330D1A8DD05A000885D0 /* LaunchScreen.xib */; };
		4874331B1A8DD05A000885D0 /* simple_tableTests.m in Sources */ = {isa = PBXBuildFile; fileRef = 4874331A1A8DD05A000885D0 /* simple_tableTests.m */; };
/* End PBXBuildFile section */

/* Begin PBXContainerItemProxy section */
		487433151A8DD05A000885D0 /* PBXContainerItemProxy */ = {
			isa = PBXContainerItemProxy;
			containerPortal = 487432F31A8DD05A000885D0 /* Project object */;
			proxyType = 1;
			remoteGlobalIDString = 487432FA1A8DD05A000885D0;
			remoteInfo = "simple table";
		};
/* End PBXContainerItemProxy section */

/* Begin PBXFileReference section */
		487432FB1A8DD05A000885D0 /* simple table.app */ = {isa = PBXFileReference; explicitFileType = wrapper.application; includeInIndex = 0; path = "simple table.app"; sourceTree = BUILT_PRODUCTS_DIR; };
		487432FF1A8DD05A000885D0 /* Info.plist */ = {isa = PBXFileReference; lastKnownFileType = text.plist.xml; path = Info.plist; sourceTree = "<group>"; };
		487433001A8DD05A000885D0 /* main.m */ = {isa = PBXFileReference; lastKnownFileType = sourcecode.c.objc; path = main.m; sourceTree = "<group>"; };
		487433021A8DD05A000885D0 /* AppDelegate.h */ = {isa = PBXFileReference; lastKnownFileType = sourcecode.c.h; path = AppDelegate.h; sourceTree = "<group>"; };
		487433031A8DD05A000885D0 /* AppDelegate.m */ = {isa = PBXFileReference; lastKnownFileType = sourcecode.c.objc; path = AppDelegate.m; sourceTree = "<group>"; };
		487433051A8DD05A000885D0 /* ViewController.h */ = {isa = PBXFileReference; lastKnownFileType = sourcecode.c.h; path = ViewController.h; sourceTree = "<group>"; };
		487433061A8DD05A000885D0 /* ViewController.m */ = {isa = PBXFileReference; lastKnownFileType = sourcecode.c.objc; path = ViewController.m; sourceTree = "<group>"; };
		487433091A8DD05A000885D0 /* Base */ = {isa = PBXFileReference; lastKnownFileType = file.storyboard; name = Base; path = Base.lproj/Main.storyboard; sourceTree = "<group>"; };
		4874330B1A8DD05A000885D0 /* Images.xcassets */ = {isa = PBXFileReference; lastKnownFileType = folder.assetcatalog; path = Images.xcassets; sourceTree = "<group>"; };
		4874330E1A8DD05A000885D0 /* Base */ = {isa = PBXFileReference; lastKnownFileType = file.xib; name = Base; path = Base.lproj/LaunchScreen.xib; sourceTree = "<group>"; };
		487433141A8DD05A000885D0 /* simple tableTests.xctest */ = {isa = PBXFileReference; explicitFileType = wrapper.cfbundle; includeInIndex = 0; path = "simple tableTests.xctest"; sourceTree = BUILT_PRODUCTS_DIR; };
		487433191A8DD05A000885D0 /* Info.plist */ = {isa = PBXFileReference; lastKnownFileType = text.plist.xml; path = Info.plist; sourceTree = "<group>"; };
		4874331A1A8DD05A000885D0 /* simple_tableTests.m */ = {isa = PBXFileReference; lastKnownFileType = sourcecode.c.objc; path = simple_tableTests.m; sourceTree = "<group>"; };
/* End PBXFileReference section */

/* Begin PBXFrameworksBuildPhase section */
		487432F81A8DD05A000885D0 /* Frameworks */ = {
			isa = PBXFrameworksBuildPhase;
			buildActionMask = 2147483647;
			files = (
			);
			runOnlyForDeploymentPostprocessing = 0;
		};
		487433111A8DD05A000885D0 /* Frameworks */ = {
			isa = PBXFrameworksBuildPhase;
			buildActionMask = 2147483647;
			files = (
			);
			runOnlyForDeploymentPostprocessing = 0;
		};
/* End PBXFrameworksBuildPhase section */

/* Begin PBXGroup section */
		487432F21A8DD05A000885D0 = {
			isa = PBXGroup;
			children = (
				487432FD1A8DD05A000885D0 /* simple table */,
				487433171A8DD05A000885D0 /* simple tableTests */,
				487432FC1A8DD05A000885D0 /* Products */,
			);
			sourceTree = "<group>";
		};
		487432FC1A8DD05A000885D0 /* Products */ = {
			isa = PBXGroup;
			children = (
				487432FB1A8DD05A000885D0 /* simple table.app */,
				487433141A8DD05A000885D0 /* simple tableTests.xctest */,
			);
			name = Products;
			sourceTree = "<group>";
		};
		487432FD1A8DD05A000885D0 /* simple table */ = {
			isa = PBXGroup;
			children = (
				487433021A8DD05A000885D0 /* AppDelegate.h */,
				487433031A8DD05A000885D0 /* AppDelegate.m */,
				487433051A8DD05A000885D0 /* ViewController.h */,
				487433061A8DD05A000885D0 /* ViewController.m */,
				487433081A8DD05A000885D0 /* Main.storyboard */,
				4874330B1A8DD05A000885D0 /* Images.xcassets */,
				4874330D1A8DD05A000885D0 /* LaunchScreen.xib */,
				487432FE1A8DD05A000885D0 /* Supporting Files */,
			);
			path = "simple table";
			sourceTree = "<group>";
		};
		487432FE1A8DD05A000885D0 /* Supporting Files */ = {
			isa = PBXGroup;
			children = (
				487432FF1A8DD05A000885D0 /* Info.plist */,
				487433001A8DD05A000885D0 /* main.m */,
			);
			name = "Supporting Files";
			sourceTree = "<group>";
		};
		487433171A8DD05A000885D0 /* simple tableTests */ = {
			isa = PBXGroup;
			children = (
				4874331A1A8DD05A000885D0 /* simple_tableTests.m */,
				487433181A8DD05A000885D0 /* Supporting Files */,
			);
			path = "simple tableTests";
			sourceTree = "<group>";
		};
		487433181A8DD05A000885D0 /* Supporting Files */ = {
			isa = PBXGroup;
			children = (
				487433191A8DD05A000885D0 /* Info.plist */,
			);
			name = "Supporting Files";
			sourceTree = "<group>";
		};
/* End PBXGroup section */

/* Begin PBXNativeTarget section */
		487432FA1A8DD05A000885D0 /* simple table */ = {
			isa = PBXNativeTarget;
			buildConfigurationList = 4874331E1A8DD05A000885D0 /* Build configuration list for PBXNativeTarget "simple table" */;
			buildPhases = (
				487432F71A8DD05A000885D0 /* Sources */,
				487432F81A8DD05A000885D0 /* Frameworks */,
				487432F91A8DD05A000885D0 /* Resources */,
			);
			buildRules = (
			);
			dependencies = (
			);
			name = "simple table";
			productName = "simple table";
			productReference = 487432FB1A8DD05A000885D0 /* simple table.app */;
			productType = "com.apple.product-type.application";
		};
		487433131A8DD05A000885D0 /* simple tableTests */ = {
			isa = PBXNativeTarget;
			buildConfigurationList = 487433211A8DD05A000885D0 /* Build configuration list for PBXNativeTarget "simple tableTests" */;
			buildPhases = (
				487433101A8DD05A000885D0 /* Sources */,
				487433111A8DD05A000885D0 /* Frameworks */,
				487433121A8DD05A000885D0 /* Resources */,
			);
			buildRules = (
			);
			dependencies = (
				487433161A8DD05A000885D0 /* PBXTargetDependency */,
			);
			name = "simple tableTests";
			productName = "simple tableTests";
			productReference = 487433141A8DD05A000885D0 /* simple tableTests.xctest */;
			productType = "com.apple.product-type.bundle.unit-test";
		};
/* End PBXNativeTarget section */

/* Begin PBXProject section */
		487432F31A8DD05A000885D0 /* Project object */ = {
			isa = PBXProject;
			attributes = {
				LastUpgradeCheck = 0610;
				ORGANIZATIONNAME = "Amit Gupta";
				TargetAttributes = {
					487432FA1A8DD05A000885D0 = {
						CreatedOnToolsVersion = 6.1.1;
					};
					487433131A8DD05A000885D0 = {
						CreatedOnToolsVersion = 6.1.1;
						TestTargetID = 487432FA1A8DD05A000885D0;
					};
				};
			};
			buildConfigurationList = 487432F61A8DD05A000885D0 /* Build configuration list for PBXProject "simple table" */;
			compatibilityVersion = "Xcode 3.2";
			developmentRegion = English;
			hasScannedForEncodings = 0;
			knownRegions = (
				en,
				Base,
			);
			mainGroup = 487432F21A8DD05A000885D0;
			productRefGroup = 487432FC1A8DD05A000885D0 /* Products */;
			projectDirPath = "";
			projectRoot = "";
			targets = (
				487432FA1A8DD05A000885D0 /* simple table */,
				487433131A8DD05A000885D0 /* simple tableTests */,
			);
		};
/* End PBXProject section */

/* Begin PBXResourcesBuildPhase section */
		487432F91A8DD05A000885D0 /* Resources */ = {
			isa = PBXResourcesBuildPhase;
			buildActionMask = 2147483647;
			files = (
				4874330A1A8DD05A000885D0 /* Main.storyboard in Resources */,
				4874330F1A8DD05A000885D0 /* LaunchScreen.xib in Resources */,
				4874330C1A8DD05A000885D0 /* Images.xcassets in Resources */,
			);
			runOnlyForDeploymentPostprocessing = 0;
		};
		487433121A8DD05A000885D0 /* Resources */ = {
			isa = PBXResourcesBuildPhase;
			buildActionMask = 2147483647;
			files = (
			);
			runOnlyForDeploymentPostprocessing = 0;
		};
/* End PBXResourcesBuildPhase section */

/* Begin PBXSourcesBuildPhase section */
		487432F71A8DD05A000885D0 /* Sources */ = {
			isa = PBXSourcesBuildPhase;
			buildActionMask = 2147483647;
			files = (
				487433071A8DD05A000885D0 /* ViewController.m in Sources */,
				487433041A8DD05A000885D0 /* AppDelegate.m in Sources */,
				487433011A8DD05A000885D0 /* main.m in Sources */,
			);
			runOnlyForDeploymentPostprocessing = 0;
		};
		487433101A8DD05A000885D0 /* Sources */ = {
			isa = PBXSourcesBuildPhase;
			buildActionMask = 2147483647;
			files = (
				4874331B1A8DD05A000885D0 /* simple_tableTests.m in Sources */,
			);
			runOnlyForDeploymentPostprocessing = 0;
		};
/* End PBXSourcesBuildPhase section */

/* Begin PBXTargetDependency section */
		487433161A8DD05A000885D0 /* PBXTargetDependency */ = {
			isa = PBXTargetDependency;
			target = 487432FA1A8DD05A000885D0 /* simple table */;
			targetProxy = 487433151A8DD05A000885D0 /* PBXContainerItemProxy */;
		};
/* End PBXTargetDependency section */

/* Begin PBXVariantGroup section */
		487433081A8DD05A000885D0 /* Main.storyboard */ = {
			isa = PBXVariantGroup;
			children = (
				487433091A8DD05A000885D0 /* Base */,
			);
			name = Main.storyboard;
			sourceTree = "<group>";
		};
		4874330D1A8DD05A000885D0 /* LaunchScreen.xib */ = {
			isa = PBXVariantGroup;
			children = (
				4874330E1A8DD05A000885D0 /* Base */,
			);
			name = LaunchScreen.xib;
			sourceTree = "<group>";
		};
/* End PBXVariantGroup section */

/* Begin XCBuildConfiguration section */
		4874331C1A8DD05A000885D0 /* Debug */ = {
			isa = XCBuildConfiguration;
			buildSettings = {
				ALWAYS_SEARCH_USER_PATHS = NO;
				CLANG_CXX_LANGUAGE_STANDARD = "gnu++0x";
				CLANG_CXX_LIBRARY = "libc++";
				CLANG_ENABLE_MODULES = YES;
				CLANG_ENABLE_OBJC_ARC = YES;
				CLANG_WARN_BOOL_CONVERSION = YES;
				CLANG_WARN_CONSTANT_CONVERSION = YES;
				CLANG_WARN_DIRECT_OBJC_ISA_USAGE = YES_ERROR;
				CLANG_WARN_EMPTY_BODY = YES;
				CLANG_WARN_ENUM_CONVERSION = YES;
				CLANG_WARN_INT_CONVERSION = YES;
				CLANG_WARN_OBJC_ROOT_CLASS = YES_ERROR;
				CLANG_WARN_UNREACHABLE_CODE = YES;
				CLANG_WARN__DUPLICATE_METHOD_MATCH = YES;
				"CODE_SIGN_IDENTITY[sdk=iphoneos*]" = "iPhone Developer";
				COPY_PHASE_STRIP = NO;
				ENABLE_STRICT_OBJC_MSGSEND = YES;
				GCC_C_LANGUAGE_STANDARD = gnu99;
				GCC_DYNAMIC_NO_PIC = NO;
				GCC_OPTIMIZATION_LEVEL = 0;
				GCC_PREPROCESSOR_DEFINITIONS = (
					"DEBUG=1",
					"$(inherited)",
				);
				GCC_SYMBOLS_PRIVATE_EXTERN = NO;
				GCC_WARN_64_TO_32_BIT_CONVERSION = YES;
				GCC_WARN_ABOUT_RETURN_TYPE = YES_ERROR;
				GCC_WARN_UNDECLARED_SELECTOR = YES;
				GCC_WARN_UNINITIALIZED_AUTOS = YES_AGGRESSIVE;
				GCC_WARN_UNUSED_FUNCTION = YES;
				GCC_WARN_UNUSED_VARIABLE = YES;
				IPHONEOS_DEPLOYMENT_TARGET = 8.1;
				MTL_ENABLE_DEBUG_INFO = YES;
				ONLY_ACTIVE_ARCH = YES;
				SDKROOT = iphoneos;
			};
			name = Debug;
		};
		4874331D1A8DD05A000885D0 /* Release */ = {
			isa = XCBuildConfiguration;
			buildSettings = {
				ALWAYS_SEARCH_USER_PATHS = NO;
				CLANG_CXX_LANGUAGE_STANDARD = "gnu++0x";
				CLANG_CXX_LIBRARY = "libc++";
				CLANG_ENABLE_MODULES = YES;
				CLANG_ENABLE_OBJC_ARC = YES;
				CLANG_WARN_BOOL_CONVERSION = YES;
				CLANG_WARN_CONSTANT_CONVERSION = YES;
				CLANG_WARN_DIRECT_OBJC_ISA_USAGE = YES_ERROR;
				CLANG_WARN_EMPTY_BODY = YES;
				CLANG_WARN_ENUM_CONVERSION = YES;
				CLANG_WARN_INT_CONVERSION = YES;
				CLANG_WARN_OBJC_ROOT_CLASS = YES_ERROR;
				CLANG_WARN_UNREACHABLE_CODE = YES;
				CLANG_WARN__DUPLICATE_METHOD_MATCH = YES;
				"CODE_SIGN_IDENTITY[sdk=iphoneos*]" = "iPhone Developer";
				COPY_PHASE_STRIP = YES;
				ENABLE_NS_ASSERTIONS = NO;
				ENABLE_STRICT_OBJC_MSGSEND = YES;
				GCC_C_LANGUAGE_STANDARD = gnu99;
				GCC_WARN_64_TO_32_BIT_CONVERSION = YES;
				GCC_WARN_ABOUT_RETURN_TYPE = YES_ERROR;
				GCC_WARN_UNDECLARED_SELECTOR = YES;
				GCC_WARN_UNINITIALIZED_AUTOS = YES_AGGRESSIVE;
				GCC_WARN_UNUSED_FUNCTION = YES;
				GCC_WARN_UNUSED_VARIABLE = YES;
				IPHONEOS_DEPLOYMENT_TARGET = 8.1;
				MTL_ENABLE_DEBUG_INFO = NO;
				SDKROOT = iphoneos;
				VALIDATE_PRODUCT = YES;
			};
			name = Release;
		};
		4874331F1A8DD05A000885D0 /* Debug */ = {
			isa = XCBuildConfiguration;
			buildSettings = {
				ASSETCATALOG_COMPILER_APPICON_NAME = AppIcon;
				INFOPLIST_FILE = "simple table/Info.plist";
				LD_RUNPATH_SEARCH_PATHS = "$(inherited) @executable_path/Frameworks";
				PRODUCT_NAME = "$(TARGET_NAME)";
			};
			name = Debug;
		};
		487433201A8DD05A000885D0 /* Release */ = {
			isa = XCBuildConfiguration;
			buildSettings = {
				ASSETCATALOG_COMPILER_APPICON_NAME = AppIcon;
				INFOPLIST_FILE = "simple table/Info.plist";
				LD_RUNPATH_SEARCH_PATHS = "$(inherited) @executable_path/Frameworks";
				PRODUCT_NAME = "$(TARGET_NAME)";
			};
			name = Release;
		};
		487433221A8DD05A000885D0 /* Debug */ = {
			isa = XCBuildConfiguration;
			buildSettings = {
				BUNDLE_LOADER = "$(TEST_HOST)";
				FRAMEWORK_SEARCH_PATHS = (
					"$(SDKROOT)/Developer/Library/Frameworks",
					"$(inherited)",
				);
				GCC_PREPROCESSOR_DEFINITIONS = (
					"DEBUG=1",
					"$(inherited)",
				);
				INFOPLIST_FILE = "simple tableTests/Info.plist";
				LD_RUNPATH_SEARCH_PATHS = "$(inherited) @executable_path/Frameworks @loader_path/Frameworks";
				PRODUCT_NAME = "$(TARGET_NAME)";
				TEST_HOST = "$(BUILT_PRODUCTS_DIR)/simple table.app/simple table";
			};
			name = Debug;
		};
		487433231A8DD05A000885D0 /* Release */ = {
			isa = XCBuildConfiguration;
			buildSettings = {
				BUNDLE_LOADER = "$(TEST_HOST)";
				FRAMEWORK_SEARCH_PATHS = (
					"$(SDKROOT)/Developer/Library/Frameworks",
					"$(inherited)",
				);
				INFOPLIST_FILE = "simple tableTests/Info.plist";
				LD_RUNPATH_SEARCH_PATHS = "$(inherited) @executable_path/Frameworks @loader_path/Frameworks";
				PRODUCT_NAME = "$(TARGET_NAME)";
				TEST_HOST = "$(BUILT_PRODUCTS_DIR)/simple table.app/simple table";
			};
			name = Release;
		};
/* End XCBuildConfiguration section */

/* Begin XCConfigurationList section */
		487432F61A8DD05A000885D0 /* Build configuration list for PBXProject "simple table" */ = {
			isa = XCConfigurationList;
			buildConfigurations = (
				4874331C1A8DD05A000885D0 /* Debug */,
				4874331D1A8DD05A000885D0 /* Release */,
			);
			defaultConfigurationIsVisible = 0;
			defaultConfigurationName = Release;
		};
		4874331E1A8DD05A000885D0 /* Build configuration list for PBXNativeTarget "simple table" */ = {
			isa = XCConfigurationList;
			buildConfigurations = (
				4874331F1A8DD05A000885D0 /* Debug */,
				487433201A8DD05A000885D0 /* Release */,
			);
			defaultConfigurationIsVisible = 0;
		};
		487433211A8DD05A000885D0 /* Build configuration list for PBXNativeTarget "simple tableTests" */ = {
			isa = XCConfigurationList;
			buildConfigurations = (
				487433221A8DD05A000885D0 /* Debug */,
				487433231A8DD05A000885D0 /* Release */,
			);
			defaultConfigurationIsVisible = 0;
		};
/* End XCConfigurationList section */
	};
	rootObject = 487432F31A8DD05A000885D0 /* Project object */;
}
