// !$*UTF8*$!
{
	archiveVersion = 1;
	classes = {
	};
	objectVersion = 46;
	objects = {

/* Begin PBXBuildFile section */
		48742DCC1A8B698E000885D0 /* main.m in Sources */ = {isa = PBXBuildFile; fileRef = 48742DCB1A8B698E000885D0 /* main.m */; };
		48742DCF1A8B698E000885D0 /* AppDelegate.m in Sources */ = {isa = PBXBuildFile; fileRef = 48742DCE1A8B698E000885D0 /* AppDelegate.m */; };
		48742DD21A8B698E000885D0 /* ViewController.m in Sources */ = {isa = PBXBuildFile; fileRef = 48742DD11A8B698E000885D0 /* ViewController.m */; };
		48742DD51A8B698E000885D0 /* Main.storyboard in Resources */ = {isa = PBXBuildFile; fileRef = 48742DD31A8B698E000885D0 /* Main.storyboard */; };
		48742DD71A8B698E000885D0 /* Images.xcassets in Resources */ = {isa = PBXBuildFile; fileRef = 48742DD61A8B698E000885D0 /* Images.xcassets */; };
		48742DDA1A8B698E000885D0 /* LaunchScreen.xib in Resources */ = {isa = PBXBuildFile; fileRef = 48742DD81A8B698E000885D0 /* LaunchScreen.xib */; };
		48742DE61A8B698E000885D0 /* webview_controllerTests.m in Sources */ = {isa = PBXBuildFile; fileRef = 48742DE51A8B698E000885D0 /* webview_controllerTests.m */; };
/* End PBXBuildFile section */

/* Begin PBXContainerItemProxy section */
		48742DE01A8B698E000885D0 /* PBXContainerItemProxy */ = {
			isa = PBXContainerItemProxy;
			containerPortal = 48742DBE1A8B698E000885D0 /* Project object */;
			proxyType = 1;
			remoteGlobalIDString = 48742DC51A8B698E000885D0;
			remoteInfo = "webview controller";
		};
/* End PBXContainerItemProxy section */

/* Begin PBXFileReference section */
		48742DC61A8B698E000885D0 /* webview controller.app */ = {isa = PBXFileReference; explicitFileType = wrapper.application; includeInIndex = 0; path = "webview controller.app"; sourceTree = BUILT_PRODUCTS_DIR; };
		48742DCA1A8B698E000885D0 /* Info.plist */ = {isa = PBXFileReference; lastKnownFileType = text.plist.xml; path = Info.plist; sourceTree = "<group>"; };
		48742DCB1A8B698E000885D0 /* main.m */ = {isa = PBXFileReference; lastKnownFileType = sourcecode.c.objc; path = main.m; sourceTree = "<group>"; };
		48742DCD1A8B698E000885D0 /* AppDelegate.h */ = {isa = PBXFileReference; lastKnownFileType = sourcecode.c.h; path = AppDelegate.h; sourceTree = "<group>"; };
		48742DCE1A8B698E000885D0 /* AppDelegate.m */ = {isa = PBXFileReference; lastKnownFileType = sourcecode.c.objc; path = AppDelegate.m; sourceTree = "<group>"; };
		48742DD01A8B698E000885D0 /* ViewController.h */ = {isa = PBXFileReference; lastKnownFileType = sourcecode.c.h; path = ViewController.h; sourceTree = "<group>"; };
		48742DD11A8B698E000885D0 /* ViewController.m */ = {isa = PBXFileReference; lastKnownFileType = sourcecode.c.objc; path = ViewController.m; sourceTree = "<group>"; };
		48742DD41A8B698E000885D0 /* Base */ = {isa = PBXFileReference; lastKnownFileType = file.storyboard; name = Base; path = Base.lproj/Main.storyboard; sourceTree = "<group>"; };
		48742DD61A8B698E000885D0 /* Images.xcassets */ = {isa = PBXFileReference; lastKnownFileType = folder.assetcatalog; path = Images.xcassets; sourceTree = "<group>"; };
		48742DD91A8B698E000885D0 /* Base */ = {isa = PBXFileReference; lastKnownFileType = file.xib; name = Base; path = Base.lproj/LaunchScreen.xib; sourceTree = "<group>"; };
		48742DDF1A8B698E000885D0 /* webview controllerTests.xctest */ = {isa = PBXFileReference; explicitFileType = wrapper.cfbundle; includeInIndex = 0; path = "webview controllerTests.xctest"; sourceTree = BUILT_PRODUCTS_DIR; };
		48742DE41A8B698E000885D0 /* Info.plist */ = {isa = PBXFileReference; lastKnownFileType = text.plist.xml; path = Info.plist; sourceTree = "<group>"; };
		48742DE51A8B698E000885D0 /* webview_controllerTests.m */ = {isa = PBXFileReference; lastKnownFileType = sourcecode.c.objc; path = webview_controllerTests.m; sourceTree = "<group>"; };
/* End PBXFileReference section */

/* Begin PBXFrameworksBuildPhase section */
		48742DC31A8B698E000885D0 /* Frameworks */ = {
			isa = PBXFrameworksBuildPhase;
			buildActionMask = 2147483647;
			files = (
			);
			runOnlyForDeploymentPostprocessing = 0;
		};
		48742DDC1A8B698E000885D0 /* Frameworks */ = {
			isa = PBXFrameworksBuildPhase;
			buildActionMask = 2147483647;
			files = (
			);
			runOnlyForDeploymentPostprocessing = 0;
		};
/* End PBXFrameworksBuildPhase section */

/* Begin PBXGroup section */
		48742DBD1A8B698E000885D0 = {
			isa = PBXGroup;
			children = (
				48742DC81A8B698E000885D0 /* webview controller */,
				48742DE21A8B698E000885D0 /* webview controllerTests */,
				48742DC71A8B698E000885D0 /* Products */,
			);
			sourceTree = "<group>";
		};
		48742DC71A8B698E000885D0 /* Products */ = {
			isa = PBXGroup;
			children = (
				48742DC61A8B698E000885D0 /* webview controller.app */,
				48742DDF1A8B698E000885D0 /* webview controllerTests.xctest */,
			);
			name = Products;
			sourceTree = "<group>";
		};
		48742DC81A8B698E000885D0 /* webview controller */ = {
			isa = PBXGroup;
			children = (
				48742DCD1A8B698E000885D0 /* AppDelegate.h */,
				48742DCE1A8B698E000885D0 /* AppDelegate.m */,
				48742DD01A8B698E000885D0 /* ViewController.h */,
				48742DD11A8B698E000885D0 /* ViewController.m */,
				48742DD31A8B698E000885D0 /* Main.storyboard */,
				48742DD61A8B698E000885D0 /* Images.xcassets */,
				48742DD81A8B698E000885D0 /* LaunchScreen.xib */,
				48742DC91A8B698E000885D0 /* Supporting Files */,
			);
			path = "webview controller";
			sourceTree = "<group>";
		};
		48742DC91A8B698E000885D0 /* Supporting Files */ = {
			isa = PBXGroup;
			children = (
				48742DCA1A8B698E000885D0 /* Info.plist */,
				48742DCB1A8B698E000885D0 /* main.m */,
			);
			name = "Supporting Files";
			sourceTree = "<group>";
		};
		48742DE21A8B698E000885D0 /* webview controllerTests */ = {
			isa = PBXGroup;
			children = (
				48742DE51A8B698E000885D0 /* webview_controllerTests.m */,
				48742DE31A8B698E000885D0 /* Supporting Files */,
			);
			path = "webview controllerTests";
			sourceTree = "<group>";
		};
		48742DE31A8B698E000885D0 /* Supporting Files */ = {
			isa = PBXGroup;
			children = (
				48742DE41A8B698E000885D0 /* Info.plist */,
			);
			name = "Supporting Files";
			sourceTree = "<group>";
		};
/* End PBXGroup section */

/* Begin PBXNativeTarget section */
		48742DC51A8B698E000885D0 /* webview controller */ = {
			isa = PBXNativeTarget;
			buildConfigurationList = 48742DE91A8B698E000885D0 /* Build configuration list for PBXNativeTarget "webview controller" */;
			buildPhases = (
				48742DC21A8B698E000885D0 /* Sources */,
				48742DC31A8B698E000885D0 /* Frameworks */,
				48742DC41A8B698E000885D0 /* Resources */,
			);
			buildRules = (
			);
			dependencies = (
			);
			name = "webview controller";
			productName = "webview controller";
			productReference = 48742DC61A8B698E000885D0 /* webview controller.app */;
			productType = "com.apple.product-type.application";
		};
		48742DDE1A8B698E000885D0 /* webview controllerTests */ = {
			isa = PBXNativeTarget;
			buildConfigurationList = 48742DEC1A8B698E000885D0 /* Build configuration list for PBXNativeTarget "webview controllerTests" */;
			buildPhases = (
				48742DDB1A8B698E000885D0 /* Sources */,
				48742DDC1A8B698E000885D0 /* Frameworks */,
				48742DDD1A8B698E000885D0 /* Resources */,
			);
			buildRules = (
			);
			dependencies = (
				48742DE11A8B698E000885D0 /* PBXTargetDependency */,
			);
			name = "webview controllerTests";
			productName = "webview controllerTests";
			productReference = 48742DDF1A8B698E000885D0 /* webview controllerTests.xctest */;
			productType = "com.apple.product-type.bundle.unit-test";
		};
/* End PBXNativeTarget section */

/* Begin PBXProject section */
		48742DBE1A8B698E000885D0 /* Project object */ = {
			isa = PBXProject;
			attributes = {
				LastUpgradeCheck = 0610;
				ORGANIZATIONNAME = "Amit Gupta";
				TargetAttributes = {
					48742DC51A8B698E000885D0 = {
						CreatedOnToolsVersion = 6.1.1;
					};
					48742DDE1A8B698E000885D0 = {
						CreatedOnToolsVersion = 6.1.1;
						TestTargetID = 48742DC51A8B698E000885D0;
					};
				};
			};
			buildConfigurationList = 48742DC11A8B698E000885D0 /* Build configuration list for PBXProject "webview controller" */;
			compatibilityVersion = "Xcode 3.2";
			developmentRegion = English;
			hasScannedForEncodings = 0;
			knownRegions = (
				en,
				Base,
			);
			mainGroup = 48742DBD1A8B698E000885D0;
			productRefGroup = 48742DC71A8B698E000885D0 /* Products */;
			projectDirPath = "";
			projectRoot = "";
			targets = (
				48742DC51A8B698E000885D0 /* webview controller */,
				48742DDE1A8B698E000885D0 /* webview controllerTests */,
			);
		};
/* End PBXProject section */

/* Begin PBXResourcesBuildPhase section */
		48742DC41A8B698E000885D0 /* Resources */ = {
			isa = PBXResourcesBuildPhase;
			buildActionMask = 2147483647;
			files = (
				48742DD51A8B698E000885D0 /* Main.storyboard in Resources */,
				48742DDA1A8B698E000885D0 /* LaunchScreen.xib in Resources */,
				48742DD71A8B698E000885D0 /* Images.xcassets in Resources */,
			);
			runOnlyForDeploymentPostprocessing = 0;
		};
		48742DDD1A8B698E000885D0 /* Resources */ = {
			isa = PBXResourcesBuildPhase;
			buildActionMask = 2147483647;
			files = (
			);
			runOnlyForDeploymentPostprocessing = 0;
		};
/* End PBXResourcesBuildPhase section */

/* Begin PBXSourcesBuildPhase section */
		48742DC21A8B698E000885D0 /* Sources */ = {
			isa = PBXSourcesBuildPhase;
			buildActionMask = 2147483647;
			files = (
				48742DD21A8B698E000885D0 /* ViewController.m in Sources */,
				48742DCF1A8B698E000885D0 /* AppDelegate.m in Sources */,
				48742DCC1A8B698E000885D0 /* main.m in Sources */,
			);
			runOnlyForDeploymentPostprocessing = 0;
		};
		48742DDB1A8B698E000885D0 /* Sources */ = {
			isa = PBXSourcesBuildPhase;
			buildActionMask = 2147483647;
			files = (
				48742DE61A8B698E000885D0 /* webview_controllerTests.m in Sources */,
			);
			runOnlyForDeploymentPostprocessing = 0;
		};
/* End PBXSourcesBuildPhase section */

/* Begin PBXTargetDependency section */
		48742DE11A8B698E000885D0 /* PBXTargetDependency */ = {
			isa = PBXTargetDependency;
			target = 48742DC51A8B698E000885D0 /* webview controller */;
			targetProxy = 48742DE01A8B698E000885D0 /* PBXContainerItemProxy */;
		};
/* End PBXTargetDependency section */

/* Begin PBXVariantGroup section */
		48742DD31A8B698E000885D0 /* Main.storyboard */ = {
			isa = PBXVariantGroup;
			children = (
				48742DD41A8B698E000885D0 /* Base */,
			);
			name = Main.storyboard;
			sourceTree = "<group>";
		};
		48742DD81A8B698E000885D0 /* LaunchScreen.xib */ = {
			isa = PBXVariantGroup;
			children = (
				48742DD91A8B698E000885D0 /* Base */,
			);
			name = LaunchScreen.xib;
			sourceTree = "<group>";
		};
/* End PBXVariantGroup section */

/* Begin XCBuildConfiguration section */
		48742DE71A8B698E000885D0 /* Debug */ = {
			isa = XCBuildConfiguration;
			buildSettings = {
				ALWAYS_SEARCH_USER_PATHS = NO;
				CLANG_CXX_LANGUAGE_STANDARD = "gnu++0x";
				CLANG_CXX_LIBRARY = "libc++";
				CLANG_ENABLE_MODULES = YES;
				CLANG_ENABLE_OBJC_ARC = YES;
				CLANG_WARN_BOOL_CONVERSION = YES;
				CLANG_WARN_CONSTANT_CONVERSION = YES;
				CLANG_WARN_DIRECT_OBJC_ISA_USAGE = YES_ERROR;
				CLANG_WARN_EMPTY_BODY = YES;
				CLANG_WARN_ENUM_CONVERSION = YES;
				CLANG_WARN_INT_CONVERSION = YES;
				CLANG_WARN_OBJC_ROOT_CLASS = YES_ERROR;
				CLANG_WARN_UNREACHABLE_CODE = YES;
				CLANG_WARN__DUPLICATE_METHOD_MATCH = YES;
				"CODE_SIGN_IDENTITY[sdk=iphoneos*]" = "iPhone Developer";
				COPY_PHASE_STRIP = NO;
				ENABLE_STRICT_OBJC_MSGSEND = YES;
				GCC_C_LANGUAGE_STANDARD = gnu99;
				GCC_DYNAMIC_NO_PIC = NO;
				GCC_OPTIMIZATION_LEVEL = 0;
				GCC_PREPROCESSOR_DEFINITIONS = (
					"DEBUG=1",
					"$(inherited)",
				);
				GCC_SYMBOLS_PRIVATE_EXTERN = NO;
				GCC_WARN_64_TO_32_BIT_CONVERSION = YES;
				GCC_WARN_ABOUT_RETURN_TYPE = YES_ERROR;
				GCC_WARN_UNDECLARED_SELECTOR = YES;
				GCC_WARN_UNINITIALIZED_AUTOS = YES_AGGRESSIVE;
				GCC_WARN_UNUSED_FUNCTION = YES;
				GCC_WARN_UNUSED_VARIABLE = YES;
				IPHONEOS_DEPLOYMENT_TARGET = 8.1;
				MTL_ENABLE_DEBUG_INFO = YES;
				ONLY_ACTIVE_ARCH = YES;
				SDKROOT = iphoneos;
			};
			name = Debug;
		};
		48742DE81A8B698E000885D0 /* Release */ = {
			isa = XCBuildConfiguration;
			buildSettings = {
				ALWAYS_SEARCH_USER_PATHS = NO;
				CLANG_CXX_LANGUAGE_STANDARD = "gnu++0x";
				CLANG_CXX_LIBRARY = "libc++";
				CLANG_ENABLE_MODULES = YES;
				CLANG_ENABLE_OBJC_ARC = YES;
				CLANG_WARN_BOOL_CONVERSION = YES;
				CLANG_WARN_CONSTANT_CONVERSION = YES;
				CLANG_WARN_DIRECT_OBJC_ISA_USAGE = YES_ERROR;
				CLANG_WARN_EMPTY_BODY = YES;
				CLANG_WARN_ENUM_CONVERSION = YES;
				CLANG_WARN_INT_CONVERSION = YES;
				CLANG_WARN_OBJC_ROOT_CLASS = YES_ERROR;
				CLANG_WARN_UNREACHABLE_CODE = YES;
				CLANG_WARN__DUPLICATE_METHOD_MATCH = YES;
				"CODE_SIGN_IDENTITY[sdk=iphoneos*]" = "iPhone Developer";
				COPY_PHASE_STRIP = YES;
				ENABLE_NS_ASSERTIONS = NO;
				ENABLE_STRICT_OBJC_MSGSEND = YES;
				GCC_C_LANGUAGE_STANDARD = gnu99;
				GCC_WARN_64_TO_32_BIT_CONVERSION = YES;
				GCC_WARN_ABOUT_RETURN_TYPE = YES_ERROR;
				GCC_WARN_UNDECLARED_SELECTOR = YES;
				GCC_WARN_UNINITIALIZED_AUTOS = YES_AGGRESSIVE;
				GCC_WARN_UNUSED_FUNCTION = YES;
				GCC_WARN_UNUSED_VARIABLE = YES;
				IPHONEOS_DEPLOYMENT_TARGET = 8.1;
				MTL_ENABLE_DEBUG_INFO = NO;
				SDKROOT = iphoneos;
				VALIDATE_PRODUCT = YES;
			};
			name = Release;
		};
		48742DEA1A8B698E000885D0 /* Debug */ = {
			isa = XCBuildConfiguration;
			buildSettings = {
				ASSETCATALOG_COMPILER_APPICON_NAME = AppIcon;
				INFOPLIST_FILE = "webview controller/Info.plist";
				LD_RUNPATH_SEARCH_PATHS = "$(inherited) @executable_path/Frameworks";
				PRODUCT_NAME = "$(TARGET_NAME)";
			};
			name = Debug;
		};
		48742DEB1A8B698E000885D0 /* Release */ = {
			isa = XCBuildConfiguration;
			buildSettings = {
				ASSETCATALOG_COMPILER_APPICON_NAME = AppIcon;
				INFOPLIST_FILE = "webview controller/Info.plist";
				LD_RUNPATH_SEARCH_PATHS = "$(inherited) @executable_path/Frameworks";
				PRODUCT_NAME = "$(TARGET_NAME)";
			};
			name = Release;
		};
		48742DED1A8B698E000885D0 /* Debug */ = {
			isa = XCBuildConfiguration;
			buildSettings = {
				BUNDLE_LOADER = "$(TEST_HOST)";
				FRAMEWORK_SEARCH_PATHS = (
					"$(SDKROOT)/Developer/Library/Frameworks",
					"$(inherited)",
				);
				GCC_PREPROCESSOR_DEFINITIONS = (
					"DEBUG=1",
					"$(inherited)",
				);
				INFOPLIST_FILE = "webview controllerTests/Info.plist";
				LD_RUNPATH_SEARCH_PATHS = "$(inherited) @executable_path/Frameworks @loader_path/Frameworks";
				PRODUCT_NAME = "$(TARGET_NAME)";
				TEST_HOST = "$(BUILT_PRODUCTS_DIR)/webview controller.app/webview controller";
			};
			name = Debug;
		};
		48742DEE1A8B698E000885D0 /* Release */ = {
			isa = XCBuildConfiguration;
			buildSettings = {
				BUNDLE_LOADER = "$(TEST_HOST)";
				FRAMEWORK_SEARCH_PATHS = (
					"$(SDKROOT)/Developer/Library/Frameworks",
					"$(inherited)",
				);
				INFOPLIST_FILE = "webview controllerTests/Info.plist";
				LD_RUNPATH_SEARCH_PATHS = "$(inherited) @executable_path/Frameworks @loader_path/Frameworks";
				PRODUCT_NAME = "$(TARGET_NAME)";
				TEST_HOST = "$(BUILT_PRODUCTS_DIR)/webview controller.app/webview controller";
			};
			name = Release;
		};
/* End XCBuildConfiguration section */

/* Begin XCConfigurationList section */
		48742DC11A8B698E000885D0 /* Build configuration list for PBXProject "webview controller" */ = {
			isa = XCConfigurationList;
			buildConfigurations = (
				48742DE71A8B698E000885D0 /* Debug */,
				48742DE81A8B698E000885D0 /* Release */,
			);
			defaultConfigurationIsVisible = 0;
			defaultConfigurationName = Release;
		};
		48742DE91A8B698E000885D0 /* Build configuration list for PBXNativeTarget "webview controller" */ = {
			isa = XCConfigurationList;
			buildConfigurations = (
				48742DEA1A8B698E000885D0 /* Debug */,
				48742DEB1A8B698E000885D0 /* Release */,
			);
			defaultConfigurationIsVisible = 0;
		};
		48742DEC1A8B698E000885D0 /* Build configuration list for PBXNativeTarget "webview controllerTests" */ = {
			isa = XCConfigurationList;
			buildConfigurations = (
				48742DED1A8B698E000885D0 /* Debug */,
				48742DEE1A8B698E000885D0 /* Release */,
			);
			defaultConfigurationIsVisible = 0;
		};
/* End XCConfigurationList section */
	};
	rootObject = 48742DBE1A8B698E000885D0 /* Project object */;
}
