// !$*UTF8*$!
{
	archiveVersion = 1;
	classes = {
	};
	objectVersion = 46;
	objects = {

/* Begin PBXBuildFile section */
		48D645F11A944965008525F0 /* main.m in Sources */ = {isa = PBXBuildFile; fileRef = 48D645F01A944965008525F0 /* main.m */; };
		48D645F41A944965008525F0 /* AppDelegate.m in Sources */ = {isa = PBXBuildFile; fileRef = 48D645F31A944965008525F0 /* AppDelegate.m */; };
		48D645F71A944965008525F0 /* ViewController.m in Sources */ = {isa = PBXBuildFile; fileRef = 48D645F61A944965008525F0 /* ViewController.m */; };
		48D645FA1A944965008525F0 /* Main.storyboard in Resources */ = {isa = PBXBuildFile; fileRef = 48D645F81A944965008525F0 /* Main.storyboard */; };
		48D645FC1A944965008525F0 /* Images.xcassets in Resources */ = {isa = PBXBuildFile; fileRef = 48D645FB1A944965008525F0 /* Images.xcassets */; };
		48D645FF1A944965008525F0 /* LaunchScreen.xib in Resources */ = {isa = PBXBuildFile; fileRef = 48D645FD1A944965008525F0 /* LaunchScreen.xib */; };
		48D6460B1A944965008525F0 /* downloadimageTests.m in Sources */ = {isa = PBXBuildFile; fileRef = 48D6460A1A944965008525F0 /* downloadimageTests.m */; };
		48D646161A9452A5008525F0 /* Cell.m in Sources */ = {isa = PBXBuildFile; fileRef = 48D646151A9452A5008525F0 /* Cell.m */; };
/* End PBXBuildFile section */

/* Begin PBXContainerItemProxy section */
		48D646051A944965008525F0 /* PBXContainerItemProxy */ = {
			isa = PBXContainerItemProxy;
			containerPortal = 48D645E31A944965008525F0 /* Project object */;
			proxyType = 1;
			remoteGlobalIDString = 48D645EA1A944965008525F0;
			remoteInfo = downloadimage;
		};
/* End PBXContainerItemProxy section */

/* Begin PBXFileReference section */
		48D645EB1A944965008525F0 /* downloadimage.app */ = {isa = PBXFileReference; explicitFileType = wrapper.application; includeInIndex = 0; path = downloadimage.app; sourceTree = BUILT_PRODUCTS_DIR; };
		48D645EF1A944965008525F0 /* Info.plist */ = {isa = PBXFileReference; lastKnownFileType = text.plist.xml; path = Info.plist; sourceTree = "<group>"; };
		48D645F01A944965008525F0 /* main.m */ = {isa = PBXFileReference; lastKnownFileType = sourcecode.c.objc; path = main.m; sourceTree = "<group>"; };
		48D645F21A944965008525F0 /* AppDelegate.h */ = {isa = PBXFileReference; lastKnownFileType = sourcecode.c.h; path = AppDelegate.h; sourceTree = "<group>"; };
		48D645F31A944965008525F0 /* AppDelegate.m */ = {isa = PBXFileReference; lastKnownFileType = sourcecode.c.objc; path = AppDelegate.m; sourceTree = "<group>"; };
		48D645F51A944965008525F0 /* ViewController.h */ = {isa = PBXFileReference; lastKnownFileType = sourcecode.c.h; path = ViewController.h; sourceTree = "<group>"; };
		48D645F61A944965008525F0 /* ViewController.m */ = {isa = PBXFileReference; lastKnownFileType = sourcecode.c.objc; path = ViewController.m; sourceTree = "<group>"; };
		48D645F91A944965008525F0 /* Base */ = {isa = PBXFileReference; lastKnownFileType = file.storyboard; name = Base; path = Base.lproj/Main.storyboard; sourceTree = "<group>"; };
		48D645FB1A944965008525F0 /* Images.xcassets */ = {isa = PBXFileReference; lastKnownFileType = folder.assetcatalog; path = Images.xcassets; sourceTree = "<group>"; };
		48D645FE1A944965008525F0 /* Base */ = {isa = PBXFileReference; lastKnownFileType = file.xib; name = Base; path = Base.lproj/LaunchScreen.xib; sourceTree = "<group>"; };
		48D646041A944965008525F0 /* downloadimageTests.xctest */ = {isa = PBXFileReference; explicitFileType = wrapper.cfbundle; includeInIndex = 0; path = downloadimageTests.xctest; sourceTree = BUILT_PRODUCTS_DIR; };
		48D646091A944965008525F0 /* Info.plist */ = {isa = PBXFileReference; lastKnownFileType = text.plist.xml; path = Info.plist; sourceTree = "<group>"; };
		48D6460A1A944965008525F0 /* downloadimageTests.m */ = {isa = PBXFileReference; lastKnownFileType = sourcecode.c.objc; path = downloadimageTests.m; sourceTree = "<group>"; };
		48D646141A9452A5008525F0 /* Cell.h */ = {isa = PBXFileReference; fileEncoding = 4; lastKnownFileType = sourcecode.c.h; path = Cell.h; sourceTree = "<group>"; };
		48D646151A9452A5008525F0 /* Cell.m */ = {isa = PBXFileReference; fileEncoding = 4; lastKnownFileType = sourcecode.c.objc; path = Cell.m; sourceTree = "<group>"; };
/* End PBXFileReference section */

/* Begin PBXFrameworksBuildPhase section */
		48D645E81A944965008525F0 /* Frameworks */ = {
			isa = PBXFrameworksBuildPhase;
			buildActionMask = 2147483647;
			files = (
			);
			runOnlyForDeploymentPostprocessing = 0;
		};
		48D646011A944965008525F0 /* Frameworks */ = {
			isa = PBXFrameworksBuildPhase;
			buildActionMask = 2147483647;
			files = (
			);
			runOnlyForDeploymentPostprocessing = 0;
		};
/* End PBXFrameworksBuildPhase section */

/* Begin PBXGroup section */
		48D645E21A944965008525F0 = {
			isa = PBXGroup;
			children = (
				48D645ED1A944965008525F0 /* downloadimage */,
				48D646071A944965008525F0 /* downloadimageTests */,
				48D645EC1A944965008525F0 /* Products */,
			);
			sourceTree = "<group>";
		};
		48D645EC1A944965008525F0 /* Products */ = {
			isa = PBXGroup;
			children = (
				48D645EB1A944965008525F0 /* downloadimage.app */,
				48D646041A944965008525F0 /* downloadimageTests.xctest */,
			);
			name = Products;
			sourceTree = "<group>";
		};
		48D645ED1A944965008525F0 /* downloadimage */ = {
			isa = PBXGroup;
			children = (
				48D645F21A944965008525F0 /* AppDelegate.h */,
				48D645F31A944965008525F0 /* AppDelegate.m */,
				48D645F51A944965008525F0 /* ViewController.h */,
				48D645F61A944965008525F0 /* ViewController.m */,
				48D645F81A944965008525F0 /* Main.storyboard */,
				48D645FB1A944965008525F0 /* Images.xcassets */,
				48D645FD1A944965008525F0 /* LaunchScreen.xib */,
				48D645EE1A944965008525F0 /* Supporting Files */,
				48D646141A9452A5008525F0 /* Cell.h */,
				48D646151A9452A5008525F0 /* Cell.m */,
			);
			path = downloadimage;
			sourceTree = "<group>";
		};
		48D645EE1A944965008525F0 /* Supporting Files */ = {
			isa = PBXGroup;
			children = (
				48D645EF1A944965008525F0 /* Info.plist */,
				48D645F01A944965008525F0 /* main.m */,
			);
			name = "Supporting Files";
			sourceTree = "<group>";
		};
		48D646071A944965008525F0 /* downloadimageTests */ = {
			isa = PBXGroup;
			children = (
				48D6460A1A944965008525F0 /* downloadimageTests.m */,
				48D646081A944965008525F0 /* Supporting Files */,
			);
			path = downloadimageTests;
			sourceTree = "<group>";
		};
		48D646081A944965008525F0 /* Supporting Files */ = {
			isa = PBXGroup;
			children = (
				48D646091A944965008525F0 /* Info.plist */,
			);
			name = "Supporting Files";
			sourceTree = "<group>";
		};
/* End PBXGroup section */

/* Begin PBXNativeTarget section */
		48D645EA1A944965008525F0 /* downloadimage */ = {
			isa = PBXNativeTarget;
			buildConfigurationList = 48D6460E1A944965008525F0 /* Build configuration list for PBXNativeTarget "downloadimage" */;
			buildPhases = (
				48D645E71A944965008525F0 /* Sources */,
				48D645E81A944965008525F0 /* Frameworks */,
				48D645E91A944965008525F0 /* Resources */,
			);
			buildRules = (
			);
			dependencies = (
			);
			name = downloadimage;
			productName = downloadimage;
			productReference = 48D645EB1A944965008525F0 /* downloadimage.app */;
			productType = "com.apple.product-type.application";
		};
		48D646031A944965008525F0 /* downloadimageTests */ = {
			isa = PBXNativeTarget;
			buildConfigurationList = 48D646111A944965008525F0 /* Build configuration list for PBXNativeTarget "downloadimageTests" */;
			buildPhases = (
				48D646001A944965008525F0 /* Sources */,
				48D646011A944965008525F0 /* Frameworks */,
				48D646021A944965008525F0 /* Resources */,
			);
			buildRules = (
			);
			dependencies = (
				48D646061A944965008525F0 /* PBXTargetDependency */,
			);
			name = downloadimageTests;
			productName = downloadimageTests;
			productReference = 48D646041A944965008525F0 /* downloadimageTests.xctest */;
			productType = "com.apple.product-type.bundle.unit-test";
		};
/* End PBXNativeTarget section */

/* Begin PBXProject section */
		48D645E31A944965008525F0 /* Project object */ = {
			isa = PBXProject;
			attributes = {
				LastUpgradeCheck = 0610;
				ORGANIZATIONNAME = "Amit Gupta";
				TargetAttributes = {
					48D645EA1A944965008525F0 = {
						CreatedOnToolsVersion = 6.1.1;
					};
					48D646031A944965008525F0 = {
						CreatedOnToolsVersion = 6.1.1;
						TestTargetID = 48D645EA1A944965008525F0;
					};
				};
			};
			buildConfigurationList = 48D645E61A944965008525F0 /* Build configuration list for PBXProject "downloadimage" */;
			compatibilityVersion = "Xcode 3.2";
			developmentRegion = English;
			hasScannedForEncodings = 0;
			knownRegions = (
				en,
				Base,
			);
			mainGroup = 48D645E21A944965008525F0;
			productRefGroup = 48D645EC1A944965008525F0 /* Products */;
			projectDirPath = "";
			projectRoot = "";
			targets = (
				48D645EA1A944965008525F0 /* downloadimage */,
				48D646031A944965008525F0 /* downloadimageTests */,
			);
		};
/* End PBXProject section */

/* Begin PBXResourcesBuildPhase section */
		48D645E91A944965008525F0 /* Resources */ = {
			isa = PBXResourcesBuildPhase;
			buildActionMask = 2147483647;
			files = (
				48D645FA1A944965008525F0 /* Main.storyboard in Resources */,
				48D645FF1A944965008525F0 /* LaunchScreen.xib in Resources */,
				48D645FC1A944965008525F0 /* Images.xcassets in Resources */,
			);
			runOnlyForDeploymentPostprocessing = 0;
		};
		48D646021A944965008525F0 /* Resources */ = {
			isa = PBXResourcesBuildPhase;
			buildActionMask = 2147483647;
			files = (
			);
			runOnlyForDeploymentPostprocessing = 0;
		};
/* End PBXResourcesBuildPhase section */

/* Begin PBXSourcesBuildPhase section */
		48D645E71A944965008525F0 /* Sources */ = {
			isa = PBXSourcesBuildPhase;
			buildActionMask = 2147483647;
			files = (
				48D645F71A944965008525F0 /* ViewController.m in Sources */,
				48D646161A9452A5008525F0 /* Cell.m in Sources */,
				48D645F41A944965008525F0 /* AppDelegate.m in Sources */,
				48D645F11A944965008525F0 /* main.m in Sources */,
			);
			runOnlyForDeploymentPostprocessing = 0;
		};
		48D646001A944965008525F0 /* Sources */ = {
			isa = PBXSourcesBuildPhase;
			buildActionMask = 2147483647;
			files = (
				48D6460B1A944965008525F0 /* downloadimageTests.m in Sources */,
			);
			runOnlyForDeploymentPostprocessing = 0;
		};
/* End PBXSourcesBuildPhase section */

/* Begin PBXTargetDependency section */
		48D646061A944965008525F0 /* PBXTargetDependency */ = {
			isa = PBXTargetDependency;
			target = 48D645EA1A944965008525F0 /* downloadimage */;
			targetProxy = 48D646051A944965008525F0 /* PBXContainerItemProxy */;
		};
/* End PBXTargetDependency section */

/* Begin PBXVariantGroup section */
		48D645F81A944965008525F0 /* Main.storyboard */ = {
			isa = PBXVariantGroup;
			children = (
				48D645F91A944965008525F0 /* Base */,
			);
			name = Main.storyboard;
			sourceTree = "<group>";
		};
		48D645FD1A944965008525F0 /* LaunchScreen.xib */ = {
			isa = PBXVariantGroup;
			children = (
				48D645FE1A944965008525F0 /* Base */,
			);
			name = LaunchScreen.xib;
			sourceTree = "<group>";
		};
/* End PBXVariantGroup section */

/* Begin XCBuildConfiguration section */
		48D6460C1A944965008525F0 /* Debug */ = {
			isa = XCBuildConfiguration;
			buildSettings = {
				ALWAYS_SEARCH_USER_PATHS = NO;
				CLANG_CXX_LANGUAGE_STANDARD = "gnu++0x";
				CLANG_CXX_LIBRARY = "libc++";
				CLANG_ENABLE_MODULES = YES;
				CLANG_ENABLE_OBJC_ARC = YES;
				CLANG_WARN_BOOL_CONVERSION = YES;
				CLANG_WARN_CONSTANT_CONVERSION = YES;
				CLANG_WARN_DIRECT_OBJC_ISA_USAGE = YES_ERROR;
				CLANG_WARN_EMPTY_BODY = YES;
				CLANG_WARN_ENUM_CONVERSION = YES;
				CLANG_WARN_INT_CONVERSION = YES;
				CLANG_WARN_OBJC_ROOT_CLASS = YES_ERROR;
				CLANG_WARN_UNREACHABLE_CODE = YES;
				CLANG_WARN__DUPLICATE_METHOD_MATCH = YES;
				"CODE_SIGN_IDENTITY[sdk=iphoneos*]" = "iPhone Developer";
				COPY_PHASE_STRIP = NO;
				ENABLE_STRICT_OBJC_MSGSEND = YES;
				GCC_C_LANGUAGE_STANDARD = gnu99;
				GCC_DYNAMIC_NO_PIC = NO;
				GCC_OPTIMIZATION_LEVEL = 0;
				GCC_PREPROCESSOR_DEFINITIONS = (
					"DEBUG=1",
					"$(inherited)",
				);
				GCC_SYMBOLS_PRIVATE_EXTERN = NO;
				GCC_WARN_64_TO_32_BIT_CONVERSION = YES;
				GCC_WARN_ABOUT_RETURN_TYPE = YES_ERROR;
				GCC_WARN_UNDECLARED_SELECTOR = YES;
				GCC_WARN_UNINITIALIZED_AUTOS = YES_AGGRESSIVE;
				GCC_WARN_UNUSED_FUNCTION = YES;
				GCC_WARN_UNUSED_VARIABLE = YES;
				IPHONEOS_DEPLOYMENT_TARGET = 8.1;
				MTL_ENABLE_DEBUG_INFO = YES;
				ONLY_ACTIVE_ARCH = YES;
				SDKROOT = iphoneos;
			};
			name = Debug;
		};
		48D6460D1A944965008525F0 /* Release */ = {
			isa = XCBuildConfiguration;
			buildSettings = {
				ALWAYS_SEARCH_USER_PATHS = NO;
				CLANG_CXX_LANGUAGE_STANDARD = "gnu++0x";
				CLANG_CXX_LIBRARY = "libc++";
				CLANG_ENABLE_MODULES = YES;
				CLANG_ENABLE_OBJC_ARC = YES;
				CLANG_WARN_BOOL_CONVERSION = YES;
				CLANG_WARN_CONSTANT_CONVERSION = YES;
				CLANG_WARN_DIRECT_OBJC_ISA_USAGE = YES_ERROR;
				CLANG_WARN_EMPTY_BODY = YES;
				CLANG_WARN_ENUM_CONVERSION = YES;
				CLANG_WARN_INT_CONVERSION = YES;
				CLANG_WARN_OBJC_ROOT_CLASS = YES_ERROR;
				CLANG_WARN_UNREACHABLE_CODE = YES;
				CLANG_WARN__DUPLICATE_METHOD_MATCH = YES;
				"CODE_SIGN_IDENTITY[sdk=iphoneos*]" = "iPhone Developer";
				COPY_PHASE_STRIP = YES;
				ENABLE_NS_ASSERTIONS = NO;
				ENABLE_STRICT_OBJC_MSGSEND = YES;
				GCC_C_LANGUAGE_STANDARD = gnu99;
				GCC_WARN_64_TO_32_BIT_CONVERSION = YES;
				GCC_WARN_ABOUT_RETURN_TYPE = YES_ERROR;
				GCC_WARN_UNDECLARED_SELECTOR = YES;
				GCC_WARN_UNINITIALIZED_AUTOS = YES_AGGRESSIVE;
				GCC_WARN_UNUSED_FUNCTION = YES;
				GCC_WARN_UNUSED_VARIABLE = YES;
				IPHONEOS_DEPLOYMENT_TARGET = 8.1;
				MTL_ENABLE_DEBUG_INFO = NO;
				SDKROOT = iphoneos;
				VALIDATE_PRODUCT = YES;
			};
			name = Release;
		};
		48D6460F1A944965008525F0 /* Debug */ = {
			isa = XCBuildConfiguration;
			buildSettings = {
				ASSETCATALOG_COMPILER_APPICON_NAME = AppIcon;
				INFOPLIST_FILE = downloadimage/Info.plist;
				LD_RUNPATH_SEARCH_PATHS = "$(inherited) @executable_path/Frameworks";
				PRODUCT_NAME = "$(TARGET_NAME)";
			};
			name = Debug;
		};
		48D646101A944965008525F0 /* Release */ = {
			isa = XCBuildConfiguration;
			buildSettings = {
				ASSETCATALOG_COMPILER_APPICON_NAME = AppIcon;
				INFOPLIST_FILE = downloadimage/Info.plist;
				LD_RUNPATH_SEARCH_PATHS = "$(inherited) @executable_path/Frameworks";
				PRODUCT_NAME = "$(TARGET_NAME)";
			};
			name = Release;
		};
		48D646121A944965008525F0 /* Debug */ = {
			isa = XCBuildConfiguration;
			buildSettings = {
				BUNDLE_LOADER = "$(TEST_HOST)";
				FRAMEWORK_SEARCH_PATHS = (
					"$(SDKROOT)/Developer/Library/Frameworks",
					"$(inherited)",
				);
				GCC_PREPROCESSOR_DEFINITIONS = (
					"DEBUG=1",
					"$(inherited)",
				);
				INFOPLIST_FILE = downloadimageTests/Info.plist;
				LD_RUNPATH_SEARCH_PATHS = "$(inherited) @executable_path/Frameworks @loader_path/Frameworks";
				PRODUCT_NAME = "$(TARGET_NAME)";
				TEST_HOST = "$(BUILT_PRODUCTS_DIR)/downloadimage.app/downloadimage";
			};
			name = Debug;
		};
		48D646131A944965008525F0 /* Release */ = {
			isa = XCBuildConfiguration;
			buildSettings = {
				BUNDLE_LOADER = "$(TEST_HOST)";
				FRAMEWORK_SEARCH_PATHS = (
					"$(SDKROOT)/Developer/Library/Frameworks",
					"$(inherited)",
				);
				INFOPLIST_FILE = downloadimageTests/Info.plist;
				LD_RUNPATH_SEARCH_PATHS = "$(inherited) @executable_path/Frameworks @loader_path/Frameworks";
				PRODUCT_NAME = "$(TARGET_NAME)";
				TEST_HOST = "$(BUILT_PRODUCTS_DIR)/downloadimage.app/downloadimage";
			};
			name = Release;
		};
/* End XCBuildConfiguration section */

/* Begin XCConfigurationList section */
		48D645E61A944965008525F0 /* Build configuration list for PBXProject "downloadimage" */ = {
			isa = XCConfigurationList;
			buildConfigurations = (
				48D6460C1A944965008525F0 /* Debug */,
				48D6460D1A944965008525F0 /* Release */,
			);
			defaultConfigurationIsVisible = 0;
			defaultConfigurationName = Release;
		};
		48D6460E1A944965008525F0 /* Build configuration list for PBXNativeTarget "downloadimage" */ = {
			isa = XCConfigurationList;
			buildConfigurations = (
				48D6460F1A944965008525F0 /* Debug */,
				48D646101A944965008525F0 /* Release */,
			);
			defaultConfigurationIsVisible = 0;
		};
		48D646111A944965008525F0 /* Build configuration list for PBXNativeTarget "downloadimageTests" */ = {
			isa = XCConfigurationList;
			buildConfigurations = (
				48D646121A944965008525F0 /* Debug */,
				48D646131A944965008525F0 /* Release */,
			);
			defaultConfigurationIsVisible = 0;
		};
/* End XCConfigurationList section */
	};
	rootObject = 48D645E31A944965008525F0 /* Project object */;
}
